
Microsoft Visual Studio Solution File, Format Version 12.00
# Visual Studio Version 17
VisualStudioVersion = 17.14.36511.14 d17.14
MinimumVisualStudioVersion = 10.0.40219.1
Project("{FAE04EC0-301F-11D3-BF4B-00C04F79EFBC}") = "FTP-Tool", "FTP-Tool.csproj", "{B9D6392B-ED63-4CC3-A6A5-C75B6E255A25}"
EndProject
Global
	GlobalSection(SolutionConfigurationPlatforms) = preSolution
		Debug|Any CPU = Debug|Any CPU
		Release|Any CPU = Release|Any CPU
	EndGlobalSection
	GlobalSection(ProjectConfigurationPlatforms) = postSolution
		{B9D6392B-ED63-4CC3-A6A5-C75B6E255A25}.Debug|Any CPU.ActiveCfg = Debug|Any CPU
		{B9D6392B-ED63-4CC3-A6A5-C75B6E255A25}.Debug|Any CPU.Build.0 = Debug|Any CPU
		{B9D6392B-ED63-4CC3-A6A5-C75B6E255A25}.Release|Any CPU.ActiveCfg = Release|Any CPU
		{B9D6392B-ED63-4CC3-A6A5-C75B6E255A25}.Release|Any CPU.Build.0 = Release|Any CPU
	EndGlobalSection
	GlobalSection(SolutionProperties) = preSolution
		HideSolutionNode = FALSE
	EndGlobalSection
	GlobalSection(ExtensibilityGlobals) = postSolution
		SolutionGuid = {2CEFEFBB-6F67-48CA-8718-BA221CFBDC63}
	EndGlobalSection
EndGlobal
